
Microsoft Visual Studio Solution File, Format Version 12.00
# Visual Studio Version 17
VisualStudioVersion = 17.0.31825.309
MinimumVisualStudioVersion = 10.0.40219.1
Project("{2150E333-8FDC-42A3-9474-1A3956D46DE8}") = "Service", "Service", "{3B6C08A2-632B-41E0-A1A7-62AC0EC51A71}"
EndProject
Project("{9A19103F-16F7-4668-BE54-9A1E7A4F7556}") = "MyLib", "Service\MyLib\MyLib.csproj", "{E309D573-478F-4A0F-9636-E81BF43CC0F1}"
EndProject
Project("{2150E333-8FDC-42A3-9474-1A3956D46DE8}") = "Tests", "Tests", "{9C17C334-A7AA-4E57-8BAE-73D14555FF7F}"
EndProject
Project("{9A19103F-16F7-4668-BE54-9A1E7A4F7556}") = "UnitTests", "Tests\UnitTests\UnitTests.csproj", "{C4BA6378-703B-4C34-B6EE-4EC8E68E674E}"
EndProject
Project("{2150E333-8FDC-42A3-9474-1A3956D46DE8}") = "Core", "Core", "{126B49CF-2332-4A26-85BE-64846F77FDC4}"
EndProject
Project("{9A19103F-16F7-4668-BE54-9A1E7A4F7556}") = "BackpackTaskLab", "Core\BackpackTaskLab\BackpackTaskLab.csproj", "{4372177D-6613-4568-AFC9-434AF346AFD5}"
EndProject
Project("{9A19103F-16F7-4668-BE54-9A1E7A4F7556}") = "MyTimer", "Service\MyTimer\MyTimer.csproj", "{27783A63-5ED5-4907-B790-D9A625F48012}"
EndProject
Project("{9A19103F-16F7-4668-BE54-9A1E7A4F7556}") = "VaccineDevelopmentLab", "Core\VaccineDevelopmentLab\VaccineDevelopmentLab.csproj", "{0F54E9EE-8FCD-412E-AF15-52C670DDD4A3}"
EndProject
Project("{9A19103F-16F7-4668-BE54-9A1E7A4F7556}") = "MaxShiftsLab", "Core\MaxShifts\MaxShiftsLab.csproj", "{3E64041A-2FE3-4A3B-8B46-5FEFCEA8A792}"
EndProject
Project("{9A19103F-16F7-4668-BE54-9A1E7A4F7556}") = "LongestIncreasingSubsequenceLab", "Core\LongestIncreasingSubsequenceLab\LongestIncreasingSubsequenceLab.csproj", "{63AEEBFE-FE8B-42CC-BCD4-EF949A7C8271}"
EndProject
Project("{9A19103F-16F7-4668-BE54-9A1E7A4F7556}") = "LongestCommonSubsequenceLab", "Core\LongestCommonSubsequenceLab\LongestCommonSubsequenceLab.csproj", "{637D42F3-D47C-47DC-A013-85CD67D12B30}"
EndProject
Project("{9A19103F-16F7-4668-BE54-9A1E7A4F7556}") = "GlassBallsLab", "Core\GlassBallsLab\GlassBallsLab.csproj", "{DE4FFC81-8E35-4F99-B9DC-DE710175050A}"
EndProject
Project("{9A19103F-16F7-4668-BE54-9A1E7A4F7556}") = "FibonacciLab", "Core\Fibonacci\FibonacciLab.csproj", "{B277A7D3-6BE9-448F-8EAD-7562850AAEE0}"
EndProject
Project("{9A19103F-16F7-4668-BE54-9A1E7A4F7556}") = "PerfectTrapezoidLab", "Core\PerfectTrapezoidLab\PerfectTrapezoidLab.csproj", "{C81BE036-EB7E-4F22-80EC-4235B3860777}"
EndProject
Project("{FAE04EC0-301F-11D3-BF4B-00C04F79EFBC}") = "CitiesLab", "Core\CitiesLab\CitiesLab.csproj", "{F0B13F6C-70A5-4759-BD16-36DC95678745}"
EndProject
Global
	GlobalSection(SolutionConfigurationPlatforms) = preSolution
		Debug|Any CPU = Debug|Any CPU
		Release|Any CPU = Release|Any CPU
	EndGlobalSection
	GlobalSection(ProjectConfigurationPlatforms) = postSolution
		{E309D573-478F-4A0F-9636-E81BF43CC0F1}.Debug|Any CPU.ActiveCfg = Debug|Any CPU
		{E309D573-478F-4A0F-9636-E81BF43CC0F1}.Debug|Any CPU.Build.0 = Debug|Any CPU
		{E309D573-478F-4A0F-9636-E81BF43CC0F1}.Release|Any CPU.ActiveCfg = Release|Any CPU
		{E309D573-478F-4A0F-9636-E81BF43CC0F1}.Release|Any CPU.Build.0 = Release|Any CPU
		{C4BA6378-703B-4C34-B6EE-4EC8E68E674E}.Debug|Any CPU.ActiveCfg = Debug|Any CPU
		{C4BA6378-703B-4C34-B6EE-4EC8E68E674E}.Debug|Any CPU.Build.0 = Debug|Any CPU
		{C4BA6378-703B-4C34-B6EE-4EC8E68E674E}.Release|Any CPU.ActiveCfg = Release|Any CPU
		{C4BA6378-703B-4C34-B6EE-4EC8E68E674E}.Release|Any CPU.Build.0 = Release|Any CPU
		{4372177D-6613-4568-AFC9-434AF346AFD5}.Debug|Any CPU.ActiveCfg = Debug|Any CPU
		{4372177D-6613-4568-AFC9-434AF346AFD5}.Debug|Any CPU.Build.0 = Debug|Any CPU
		{4372177D-6613-4568-AFC9-434AF346AFD5}.Release|Any CPU.ActiveCfg = Release|Any CPU
		{4372177D-6613-4568-AFC9-434AF346AFD5}.Release|Any CPU.Build.0 = Release|Any CPU
		{27783A63-5ED5-4907-B790-D9A625F48012}.Debug|Any CPU.ActiveCfg = Debug|Any CPU
		{27783A63-5ED5-4907-B790-D9A625F48012}.Debug|Any CPU.Build.0 = Debug|Any CPU
		{27783A63-5ED5-4907-B790-D9A625F48012}.Release|Any CPU.ActiveCfg = Release|Any CPU
		{27783A63-5ED5-4907-B790-D9A625F48012}.Release|Any CPU.Build.0 = Release|Any CPU
		{0F54E9EE-8FCD-412E-AF15-52C670DDD4A3}.Debug|Any CPU.ActiveCfg = Debug|Any CPU
		{0F54E9EE-8FCD-412E-AF15-52C670DDD4A3}.Debug|Any CPU.Build.0 = Debug|Any CPU
		{0F54E9EE-8FCD-412E-AF15-52C670DDD4A3}.Release|Any CPU.ActiveCfg = Release|Any CPU
		{0F54E9EE-8FCD-412E-AF15-52C670DDD4A3}.Release|Any CPU.Build.0 = Release|Any CPU
		{3E64041A-2FE3-4A3B-8B46-5FEFCEA8A792}.Debug|Any CPU.ActiveCfg = Debug|Any CPU
		{3E64041A-2FE3-4A3B-8B46-5FEFCEA8A792}.Debug|Any CPU.Build.0 = Debug|Any CPU
		{3E64041A-2FE3-4A3B-8B46-5FEFCEA8A792}.Release|Any CPU.ActiveCfg = Release|Any CPU
		{3E64041A-2FE3-4A3B-8B46-5FEFCEA8A792}.Release|Any CPU.Build.0 = Release|Any CPU
		{63AEEBFE-FE8B-42CC-BCD4-EF949A7C8271}.Debug|Any CPU.ActiveCfg = Debug|Any CPU
		{63AEEBFE-FE8B-42CC-BCD4-EF949A7C8271}.Debug|Any CPU.Build.0 = Debug|Any CPU
		{63AEEBFE-FE8B-42CC-BCD4-EF949A7C8271}.Release|Any CPU.ActiveCfg = Release|Any CPU
		{63AEEBFE-FE8B-42CC-BCD4-EF949A7C8271}.Release|Any CPU.Build.0 = Release|Any CPU
		{637D42F3-D47C-47DC-A013-85CD67D12B30}.Debug|Any CPU.ActiveCfg = Debug|Any CPU
		{637D42F3-D47C-47DC-A013-85CD67D12B30}.Debug|Any CPU.Build.0 = Debug|Any CPU
		{637D42F3-D47C-47DC-A013-85CD67D12B30}.Release|Any CPU.ActiveCfg = Release|Any CPU
		{637D42F3-D47C-47DC-A013-85CD67D12B30}.Release|Any CPU.Build.0 = Release|Any CPU
		{DE4FFC81-8E35-4F99-B9DC-DE710175050A}.Debug|Any CPU.ActiveCfg = Debug|Any CPU
		{DE4FFC81-8E35-4F99-B9DC-DE710175050A}.Debug|Any CPU.Build.0 = Debug|Any CPU
		{DE4FFC81-8E35-4F99-B9DC-DE710175050A}.Release|Any CPU.ActiveCfg = Release|Any CPU
		{DE4FFC81-8E35-4F99-B9DC-DE710175050A}.Release|Any CPU.Build.0 = Release|Any CPU
		{B277A7D3-6BE9-448F-8EAD-7562850AAEE0}.Debug|Any CPU.ActiveCfg = Debug|Any CPU
		{B277A7D3-6BE9-448F-8EAD-7562850AAEE0}.Debug|Any CPU.Build.0 = Debug|Any CPU
		{B277A7D3-6BE9-448F-8EAD-7562850AAEE0}.Release|Any CPU.ActiveCfg = Release|Any CPU
		{B277A7D3-6BE9-448F-8EAD-7562850AAEE0}.Release|Any CPU.Build.0 = Release|Any CPU
		{C81BE036-EB7E-4F22-80EC-4235B3860777}.Debug|Any CPU.ActiveCfg = Debug|Any CPU
		{C81BE036-EB7E-4F22-80EC-4235B3860777}.Debug|Any CPU.Build.0 = Debug|Any CPU
		{C81BE036-EB7E-4F22-80EC-4235B3860777}.Release|Any CPU.ActiveCfg = Release|Any CPU
		{C81BE036-EB7E-4F22-80EC-4235B3860777}.Release|Any CPU.Build.0 = Release|Any CPU
		{F0B13F6C-70A5-4759-BD16-36DC95678745}.Debug|Any CPU.ActiveCfg = Debug|Any CPU
		{F0B13F6C-70A5-4759-BD16-36DC95678745}.Debug|Any CPU.Build.0 = Debug|Any CPU
		{F0B13F6C-70A5-4759-BD16-36DC95678745}.Release|Any CPU.ActiveCfg = Release|Any CPU
		{F0B13F6C-70A5-4759-BD16-36DC95678745}.Release|Any CPU.Build.0 = Release|Any CPU
	EndGlobalSection
	GlobalSection(SolutionProperties) = preSolution
		HideSolutionNode = FALSE
	EndGlobalSection
	GlobalSection(NestedProjects) = preSolution
		{E309D573-478F-4A0F-9636-E81BF43CC0F1} = {3B6C08A2-632B-41E0-A1A7-62AC0EC51A71}
		{C4BA6378-703B-4C34-B6EE-4EC8E68E674E} = {9C17C334-A7AA-4E57-8BAE-73D14555FF7F}
		{4372177D-6613-4568-AFC9-434AF346AFD5} = {126B49CF-2332-4A26-85BE-64846F77FDC4}
		{27783A63-5ED5-4907-B790-D9A625F48012} = {3B6C08A2-632B-41E0-A1A7-62AC0EC51A71}
		{0F54E9EE-8FCD-412E-AF15-52C670DDD4A3} = {126B49CF-2332-4A26-85BE-64846F77FDC4}
		{3E64041A-2FE3-4A3B-8B46-5FEFCEA8A792} = {126B49CF-2332-4A26-85BE-64846F77FDC4}
		{63AEEBFE-FE8B-42CC-BCD4-EF949A7C8271} = {126B49CF-2332-4A26-85BE-64846F77FDC4}
		{637D42F3-D47C-47DC-A013-85CD67D12B30} = {126B49CF-2332-4A26-85BE-64846F77FDC4}
		{DE4FFC81-8E35-4F99-B9DC-DE710175050A} = {126B49CF-2332-4A26-85BE-64846F77FDC4}
		{B277A7D3-6BE9-448F-8EAD-7562850AAEE0} = {126B49CF-2332-4A26-85BE-64846F77FDC4}
		{C81BE036-EB7E-4F22-80EC-4235B3860777} = {126B49CF-2332-4A26-85BE-64846F77FDC4}
		{F0B13F6C-70A5-4759-BD16-36DC95678745} = {126B49CF-2332-4A26-85BE-64846F77FDC4}
	EndGlobalSection
	GlobalSection(ExtensibilityGlobals) = postSolution
		SolutionGuid = {4F7054D4-F059-4CDE-8CA4-7DDB7B3B3EC7}
	EndGlobalSection
EndGlobal
