
Microsoft Visual Studio Solution File, Format Version 12.00
# Visual Studio Version 16
VisualStudioVersion = 16.0.31424.327
MinimumVisualStudioVersion = 10.0.40219.1
Project("{9A19103F-16F7-4668-BE54-9A1E7A4F7556}") = "MaxShiftsLab", "MaxShifts\MaxShiftsLab.csproj", "{28424852-C55C-4D59-9BCB-0D158BCD0355}"
EndProject
Project("{9A19103F-16F7-4668-BE54-9A1E7A4F7556}") = "FibonacciLab", "Fibonacci\FibonacciLab.csproj", "{51168DA8-5896-410D-87AF-D710C8313171}"
EndProject
Project("{9A19103F-16F7-4668-BE54-9A1E7A4F7556}") = "Timer", "Timer\Timer.csproj", "{E792F532-F011-4F19-8738-DF402EF499E0}"
EndProject
Project("{2150E333-8FDC-42A3-9474-1A3956D46DE8}") = "tests", "tests", "{2468D1C3-4BAD-4A34-B09F-5B41DB38CAD4}"
EndProject
Project("{9A19103F-16F7-4668-BE54-9A1E7A4F7556}") = "VaccineDevelopmentLab", "VaccineDevelopmentLab\VaccineDevelopmentLab.csproj", "{F34FECE1-7BD6-40A2-99C3-7FF977992003}"
EndProject
Project("{9A19103F-16F7-4668-BE54-9A1E7A4F7556}") = "LongestCommonSubsequenceLab", "LongestCommonSubsequenceLab\LongestCommonSubsequenceLab.csproj", "{A604FCC8-B821-4534-B04A-81D336919BE0}"
EndProject
Project("{9A19103F-16F7-4668-BE54-9A1E7A4F7556}") = "UnitTests", "tests\UnitTests\UnitTests.csproj", "{481F056B-C486-47F2-88C8-BDDA76AE19DC}"
EndProject
Project("{9A19103F-16F7-4668-BE54-9A1E7A4F7556}") = "LongestIncreasingSubsequenceLab", "LongestIncreasingSubsequenceLab\LongestIncreasingSubsequenceLab.csproj", "{2BE77248-ACED-4788-A94A-A130F047BA02}"
EndProject
Project("{FAE04EC0-301F-11D3-BF4B-00C04F79EFBC}") = "GlassBallsLab", "GlassBallsLab\GlassBallsLab.csproj", "{0BD2B820-2748-4FE3-A3F8-F85F72593B20}"
EndProject
Global
	GlobalSection(SolutionConfigurationPlatforms) = preSolution
		Debug|Any CPU = Debug|Any CPU
		Release|Any CPU = Release|Any CPU
	EndGlobalSection
	GlobalSection(ProjectConfigurationPlatforms) = postSolution
		{28424852-C55C-4D59-9BCB-0D158BCD0355}.Debug|Any CPU.ActiveCfg = Debug|Any CPU
		{28424852-C55C-4D59-9BCB-0D158BCD0355}.Debug|Any CPU.Build.0 = Debug|Any CPU
		{28424852-C55C-4D59-9BCB-0D158BCD0355}.Release|Any CPU.ActiveCfg = Release|Any CPU
		{28424852-C55C-4D59-9BCB-0D158BCD0355}.Release|Any CPU.Build.0 = Release|Any CPU
		{51168DA8-5896-410D-87AF-D710C8313171}.Debug|Any CPU.ActiveCfg = Debug|Any CPU
		{51168DA8-5896-410D-87AF-D710C8313171}.Debug|Any CPU.Build.0 = Debug|Any CPU
		{51168DA8-5896-410D-87AF-D710C8313171}.Release|Any CPU.ActiveCfg = Release|Any CPU
		{51168DA8-5896-410D-87AF-D710C8313171}.Release|Any CPU.Build.0 = Release|Any CPU
		{E792F532-F011-4F19-8738-DF402EF499E0}.Debug|Any CPU.ActiveCfg = Debug|Any CPU
		{E792F532-F011-4F19-8738-DF402EF499E0}.Debug|Any CPU.Build.0 = Debug|Any CPU
		{E792F532-F011-4F19-8738-DF402EF499E0}.Release|Any CPU.ActiveCfg = Release|Any CPU
		{E792F532-F011-4F19-8738-DF402EF499E0}.Release|Any CPU.Build.0 = Release|Any CPU
		{F34FECE1-7BD6-40A2-99C3-7FF977992003}.Debug|Any CPU.ActiveCfg = Debug|Any CPU
		{F34FECE1-7BD6-40A2-99C3-7FF977992003}.Debug|Any CPU.Build.0 = Debug|Any CPU
		{F34FECE1-7BD6-40A2-99C3-7FF977992003}.Release|Any CPU.ActiveCfg = Release|Any CPU
		{F34FECE1-7BD6-40A2-99C3-7FF977992003}.Release|Any CPU.Build.0 = Release|Any CPU
		{A604FCC8-B821-4534-B04A-81D336919BE0}.Debug|Any CPU.ActiveCfg = Debug|Any CPU
		{A604FCC8-B821-4534-B04A-81D336919BE0}.Debug|Any CPU.Build.0 = Debug|Any CPU
		{A604FCC8-B821-4534-B04A-81D336919BE0}.Release|Any CPU.ActiveCfg = Release|Any CPU
		{A604FCC8-B821-4534-B04A-81D336919BE0}.Release|Any CPU.Build.0 = Release|Any CPU
		{481F056B-C486-47F2-88C8-BDDA76AE19DC}.Debug|Any CPU.ActiveCfg = Debug|Any CPU
		{481F056B-C486-47F2-88C8-BDDA76AE19DC}.Debug|Any CPU.Build.0 = Debug|Any CPU
		{481F056B-C486-47F2-88C8-BDDA76AE19DC}.Release|Any CPU.ActiveCfg = Release|Any CPU
		{481F056B-C486-47F2-88C8-BDDA76AE19DC}.Release|Any CPU.Build.0 = Release|Any CPU
		{2BE77248-ACED-4788-A94A-A130F047BA02}.Debug|Any CPU.ActiveCfg = Debug|Any CPU
		{2BE77248-ACED-4788-A94A-A130F047BA02}.Debug|Any CPU.Build.0 = Debug|Any CPU
		{2BE77248-ACED-4788-A94A-A130F047BA02}.Release|Any CPU.ActiveCfg = Release|Any CPU
		{2BE77248-ACED-4788-A94A-A130F047BA02}.Release|Any CPU.Build.0 = Release|Any CPU
		{0BD2B820-2748-4FE3-A3F8-F85F72593B20}.Debug|Any CPU.ActiveCfg = Debug|Any CPU
		{0BD2B820-2748-4FE3-A3F8-F85F72593B20}.Debug|Any CPU.Build.0 = Debug|Any CPU
		{0BD2B820-2748-4FE3-A3F8-F85F72593B20}.Release|Any CPU.ActiveCfg = Release|Any CPU
		{0BD2B820-2748-4FE3-A3F8-F85F72593B20}.Release|Any CPU.Build.0 = Release|Any CPU
	EndGlobalSection
	GlobalSection(SolutionProperties) = preSolution
		HideSolutionNode = FALSE
	EndGlobalSection
	GlobalSection(NestedProjects) = preSolution
		{481F056B-C486-47F2-88C8-BDDA76AE19DC} = {2468D1C3-4BAD-4A34-B09F-5B41DB38CAD4}
	EndGlobalSection
	GlobalSection(ExtensibilityGlobals) = postSolution
		SolutionGuid = {4F7054D4-F059-4CDE-8CA4-7DDB7B3B3EC7}
	EndGlobalSection
EndGlobal
